
Microsoft Visual Studio Solution File, Format Version 12.00
# Visual Studio Version 17
VisualStudioVersion = 17.5.33502.453
MinimumVisualStudioVersion = 10.0.40219.1
Project("{FAE04EC0-301F-11D3-BF4B-00C04F79EFBC}") = "Exercise14", "Exercise14\Exercise14.csproj", "{01A1E553-AA08-433D-A39E-1C1A8A007910}"
EndProject
Global
	GlobalSection(SolutionConfigurationPlatforms) = preSolution
		Debug|Any CPU = Debug|Any CPU
		Release|Any CPU = Release|Any CPU
	EndGlobalSection
	GlobalSection(ProjectConfigurationPlatforms) = postSolution
		{01A1E553-AA08-433D-A39E-1C1A8A007910}.Debug|Any CPU.ActiveCfg = Debug|Any CPU
		{01A1E553-AA08-433D-A39E-1C1A8A007910}.Debug|Any CPU.Build.0 = Debug|Any CPU
		{01A1E553-AA08-433D-A39E-1C1A8A007910}.Release|Any CPU.ActiveCfg = Release|Any CPU
		{01A1E553-AA08-433D-A39E-1C1A8A007910}.Release|Any CPU.Build.0 = Release|Any CPU
	EndGlobalSection
	GlobalSection(SolutionProperties) = preSolution
		HideSolutionNode = FALSE
	EndGlobalSection
	GlobalSection(ExtensibilityGlobals) = postSolution
		SolutionGuid = {58A4A85E-9F44-4363-BA58-7F7948362EC2}
	EndGlobalSection
EndGlobal
