
Microsoft Visual Studio Solution File, Format Version 12.00
# Visual Studio Version 17
VisualStudioVersion = 17.5.33516.290
MinimumVisualStudioVersion = 10.0.40219.1
Project("{FAE04EC0-301F-11D3-BF4B-00C04F79EFBC}") = "fiveUniqueNumbers", "fiveUniqueNumbers\fiveUniqueNumbers.csproj", "{FAD177B0-13B4-497B-9B0F-A1DE77FFC4A3}"
EndProject
Global
	GlobalSection(SolutionConfigurationPlatforms) = preSolution
		Debug|Any CPU = Debug|Any CPU
		Release|Any CPU = Release|Any CPU
	EndGlobalSection
	GlobalSection(ProjectConfigurationPlatforms) = postSolution
		{FAD177B0-13B4-497B-9B0F-A1DE77FFC4A3}.Debug|Any CPU.ActiveCfg = Debug|Any CPU
		{FAD177B0-13B4-497B-9B0F-A1DE77FFC4A3}.Debug|Any CPU.Build.0 = Debug|Any CPU
		{FAD177B0-13B4-497B-9B0F-A1DE77FFC4A3}.Release|Any CPU.ActiveCfg = Release|Any CPU
		{FAD177B0-13B4-497B-9B0F-A1DE77FFC4A3}.Release|Any CPU.Build.0 = Release|Any CPU
	EndGlobalSection
	GlobalSection(SolutionProperties) = preSolution
		HideSolutionNode = FALSE
	EndGlobalSection
	GlobalSection(ExtensibilityGlobals) = postSolution
		SolutionGuid = {8CB88741-E5C1-4606-A591-9FB54E6DC1D0}
	EndGlobalSection
EndGlobal
