
Microsoft Visual Studio Solution File, Format Version 12.00
# Visual Studio Version 17
VisualStudioVersion = 17.5.33502.453
MinimumVisualStudioVersion = 10.0.40219.1
Project("{FAE04EC0-301F-11D3-BF4B-00C04F79EFBC}") = "Exercises1", "Exercises1\Exercises1.csproj", "{421DC9E9-068C-4025-811C-427A2D8B499D}"
EndProject
Global
	GlobalSection(SolutionConfigurationPlatforms) = preSolution
		Debug|Any CPU = Debug|Any CPU
		Release|Any CPU = Release|Any CPU
	EndGlobalSection
	GlobalSection(ProjectConfigurationPlatforms) = postSolution
		{421DC9E9-068C-4025-811C-427A2D8B499D}.Debug|Any CPU.ActiveCfg = Debug|Any CPU
		{421DC9E9-068C-4025-811C-427A2D8B499D}.Debug|Any CPU.Build.0 = Debug|Any CPU
		{421DC9E9-068C-4025-811C-427A2D8B499D}.Release|Any CPU.ActiveCfg = Release|Any CPU
		{421DC9E9-068C-4025-811C-427A2D8B499D}.Release|Any CPU.Build.0 = Release|Any CPU
	EndGlobalSection
	GlobalSection(SolutionProperties) = preSolution
		HideSolutionNode = FALSE
	EndGlobalSection
	GlobalSection(ExtensibilityGlobals) = postSolution
		SolutionGuid = {9A1C1C40-BF93-431D-A45C-5E787461C87B}
	EndGlobalSection
EndGlobal
