
Microsoft Visual Studio Solution File, Format Version 12.00
# Visual Studio Version 17
VisualStudioVersion = 17.5.33502.453
MinimumVisualStudioVersion = 10.0.40219.1
Project("{FAE04EC0-301F-11D3-BF4B-00C04F79EFBC}") = "onetoHundered", "onetoHundered\onetoHundered.csproj", "{34D8EE04-49AA-4C2B-96B9-DB3CB6C1B0BF}"
EndProject
Global
	GlobalSection(SolutionConfigurationPlatforms) = preSolution
		Debug|Any CPU = Debug|Any CPU
		Release|Any CPU = Release|Any CPU
	EndGlobalSection
	GlobalSection(ProjectConfigurationPlatforms) = postSolution
		{34D8EE04-49AA-4C2B-96B9-DB3CB6C1B0BF}.Debug|Any CPU.ActiveCfg = Debug|Any CPU
		{34D8EE04-49AA-4C2B-96B9-DB3CB6C1B0BF}.Debug|Any CPU.Build.0 = Debug|Any CPU
		{34D8EE04-49AA-4C2B-96B9-DB3CB6C1B0BF}.Release|Any CPU.ActiveCfg = Release|Any CPU
		{34D8EE04-49AA-4C2B-96B9-DB3CB6C1B0BF}.Release|Any CPU.Build.0 = Release|Any CPU
	EndGlobalSection
	GlobalSection(SolutionProperties) = preSolution
		HideSolutionNode = FALSE
	EndGlobalSection
	GlobalSection(ExtensibilityGlobals) = postSolution
		SolutionGuid = {F8451A60-F16F-4B8C-8156-08FACFAE5085}
	EndGlobalSection
EndGlobal
