
Microsoft Visual Studio Solution File, Format Version 12.00
# Visual Studio Version 17
VisualStudioVersion = 17.5.33502.453
MinimumVisualStudioVersion = 10.0.40219.1
Project("{FAE04EC0-301F-11D3-BF4B-00C04F79EFBC}") = "Exercise13", "Exercise13\Exercise13.csproj", "{40311069-2F29-4D29-BC59-E127B2A1B70A}"
EndProject
Global
	GlobalSection(SolutionConfigurationPlatforms) = preSolution
		Debug|Any CPU = Debug|Any CPU
		Release|Any CPU = Release|Any CPU
	EndGlobalSection
	GlobalSection(ProjectConfigurationPlatforms) = postSolution
		{40311069-2F29-4D29-BC59-E127B2A1B70A}.Debug|Any CPU.ActiveCfg = Debug|Any CPU
		{40311069-2F29-4D29-BC59-E127B2A1B70A}.Debug|Any CPU.Build.0 = Debug|Any CPU
		{40311069-2F29-4D29-BC59-E127B2A1B70A}.Release|Any CPU.ActiveCfg = Release|Any CPU
		{40311069-2F29-4D29-BC59-E127B2A1B70A}.Release|Any CPU.Build.0 = Release|Any CPU
	EndGlobalSection
	GlobalSection(SolutionProperties) = preSolution
		HideSolutionNode = FALSE
	EndGlobalSection
	GlobalSection(ExtensibilityGlobals) = postSolution
		SolutionGuid = {5A7BEE77-9FC0-4231-A3EC-232841594517}
	EndGlobalSection
EndGlobal
