
Microsoft Visual Studio Solution File, Format Version 12.00
# Visual Studio Version 17
VisualStudioVersion = 17.5.33502.453
MinimumVisualStudioVersion = 10.0.40219.1
Project("{FAE04EC0-301F-11D3-BF4B-00C04F79EFBC}") = "maxOfArray", "maxOfArray\maxOfArray.csproj", "{114CCA74-5862-49FB-9BA8-EB81A6C77BF5}"
EndProject
Global
	GlobalSection(SolutionConfigurationPlatforms) = preSolution
		Debug|Any CPU = Debug|Any CPU
		Release|Any CPU = Release|Any CPU
	EndGlobalSection
	GlobalSection(ProjectConfigurationPlatforms) = postSolution
		{114CCA74-5862-49FB-9BA8-EB81A6C77BF5}.Debug|Any CPU.ActiveCfg = Debug|Any CPU
		{114CCA74-5862-49FB-9BA8-EB81A6C77BF5}.Debug|Any CPU.Build.0 = Debug|Any CPU
		{114CCA74-5862-49FB-9BA8-EB81A6C77BF5}.Release|Any CPU.ActiveCfg = Release|Any CPU
		{114CCA74-5862-49FB-9BA8-EB81A6C77BF5}.Release|Any CPU.Build.0 = Release|Any CPU
	EndGlobalSection
	GlobalSection(SolutionProperties) = preSolution
		HideSolutionNode = FALSE
	EndGlobalSection
	GlobalSection(ExtensibilityGlobals) = postSolution
		SolutionGuid = {16F624BA-E8AC-4594-A9AA-C494A25BA3A5}
	EndGlobalSection
EndGlobal
